
Microsoft Visual Studio Solution File, Format Version 12.00
# Visual Studio Version 17
VisualStudioVersion = 17.4.33110.190
MinimumVisualStudioVersion = 10.0.40219.1
Project("{FAE04EC0-301F-11D3-BF4B-00C04F79EFBC}") = "SimpleRestApi", "SimpleRestApi\SimpleRestApi.csproj", "{61D798BA-5824-4BF6-84C7-81BDCC3EA54D}"
EndProject
Global
	GlobalSection(SolutionConfigurationPlatforms) = preSolution
		Debug|Any CPU = Debug|Any CPU
		Release|Any CPU = Release|Any CPU
	EndGlobalSection
	GlobalSection(ProjectConfigurationPlatforms) = postSolution
		{61D798BA-5824-4BF6-84C7-81BDCC3EA54D}.Debug|Any CPU.ActiveCfg = Debug|Any CPU
		{61D798BA-5824-4BF6-84C7-81BDCC3EA54D}.Debug|Any CPU.Build.0 = Debug|Any CPU
		{61D798BA-5824-4BF6-84C7-81BDCC3EA54D}.Release|Any CPU.ActiveCfg = Release|Any CPU
		{61D798BA-5824-4BF6-84C7-81BDCC3EA54D}.Release|Any CPU.Build.0 = Release|Any CPU
	EndGlobalSection
	GlobalSection(SolutionProperties) = preSolution
		HideSolutionNode = FALSE
	EndGlobalSection
	GlobalSection(ExtensibilityGlobals) = postSolution
		SolutionGuid = {1AD626C6-0500-4E68-8BD3-397906ADAD12}
	EndGlobalSection
EndGlobal
